
Microsoft Visual Studio Solution File, Format Version 10.00
# Visual Studio 2008
Project("{8BC9CEB8-8B4A-11D0-8D11-00A0C91BC942}") = "japanese_lib", "japanese_lib\japanese_lib.vcproj", "{D6A1B1D4-79A8-4621-85E1-9977EABA1C34}"
EndProject
Project("{8BC9CEB8-8B4A-11D0-8D11-00A0C91BC942}") = "lib_test", "lib_test\lib_test.vcproj", "{C1AB9DE5-8DC7-4373-AC6A-7F1990DA3059}"
	ProjectSection(ProjectDependencies) = postProject
		{92F48717-880A-4405-AA92-C91DE1468375} = {92F48717-880A-4405-AA92-C91DE1468375}
		{D6A1B1D4-79A8-4621-85E1-9977EABA1C34} = {D6A1B1D4-79A8-4621-85E1-9977EABA1C34}
	EndProjectSection
EndProject
Project("{8BC9CEB8-8B4A-11D0-8D11-00A0C91BC942}") = "kanjimemo", "kanjimemo\kanjimemo.vcproj", "{D88CDEDC-B308-4E2C-B0C0-78F544B413BE}"
	ProjectSection(ProjectDependencies) = postProject
		{92F48717-880A-4405-AA92-C91DE1468375} = {92F48717-880A-4405-AA92-C91DE1468375}
		{D6A1B1D4-79A8-4621-85E1-9977EABA1C34} = {D6A1B1D4-79A8-4621-85E1-9977EABA1C34}
	EndProjectSection
EndProject
Project("{8BC9CEB8-8B4A-11D0-8D11-00A0C91BC942}") = "halley", "halley\halley.vcproj", "{92F48717-880A-4405-AA92-C91DE1468375}"
EndProject
Global
	GlobalSection(SolutionConfigurationPlatforms) = preSolution
		Debug|Win32 = Debug|Win32
		Release|Win32 = Release|Win32
	EndGlobalSection
	GlobalSection(ProjectConfigurationPlatforms) = postSolution
		{D6A1B1D4-79A8-4621-85E1-9977EABA1C34}.Debug|Win32.ActiveCfg = Debug|Win32
		{D6A1B1D4-79A8-4621-85E1-9977EABA1C34}.Debug|Win32.Build.0 = Debug|Win32
		{D6A1B1D4-79A8-4621-85E1-9977EABA1C34}.Release|Win32.ActiveCfg = Release|Win32
		{D6A1B1D4-79A8-4621-85E1-9977EABA1C34}.Release|Win32.Build.0 = Release|Win32
		{C1AB9DE5-8DC7-4373-AC6A-7F1990DA3059}.Debug|Win32.ActiveCfg = Debug|Win32
		{C1AB9DE5-8DC7-4373-AC6A-7F1990DA3059}.Debug|Win32.Build.0 = Debug|Win32
		{C1AB9DE5-8DC7-4373-AC6A-7F1990DA3059}.Release|Win32.ActiveCfg = Release|Win32
		{C1AB9DE5-8DC7-4373-AC6A-7F1990DA3059}.Release|Win32.Build.0 = Release|Win32
		{D88CDEDC-B308-4E2C-B0C0-78F544B413BE}.Debug|Win32.ActiveCfg = Debug|Win32
		{D88CDEDC-B308-4E2C-B0C0-78F544B413BE}.Debug|Win32.Build.0 = Debug|Win32
		{D88CDEDC-B308-4E2C-B0C0-78F544B413BE}.Release|Win32.ActiveCfg = Release|Win32
		{D88CDEDC-B308-4E2C-B0C0-78F544B413BE}.Release|Win32.Build.0 = Release|Win32
		{92F48717-880A-4405-AA92-C91DE1468375}.Debug|Win32.ActiveCfg = Debug|Win32
		{92F48717-880A-4405-AA92-C91DE1468375}.Debug|Win32.Build.0 = Debug|Win32
		{92F48717-880A-4405-AA92-C91DE1468375}.Release|Win32.ActiveCfg = Release|Win32
		{92F48717-880A-4405-AA92-C91DE1468375}.Release|Win32.Build.0 = Release|Win32
	EndGlobalSection
	GlobalSection(SolutionProperties) = preSolution
		HideSolutionNode = FALSE
	EndGlobalSection
EndGlobal
